
Microsoft Visual Studio Solution File, Format Version 12.00
# Visual Studio 15
VisualStudioVersion = 15.0.28307.271
MinimumVisualStudioVersion = 10.0.40219.1
Project("{FAE04EC0-301F-11D3-BF4B-00C04F79EFBC}") = "ExercicioResolvido", "ExercicioResolvido\ExercicioResolvido.csproj", "{D31FCBC9-283D-46C7-9EF9-CF1B3266A567}"
EndProject
Global
	GlobalSection(SolutionConfigurationPlatforms) = preSolution
		Debug|Any CPU = Debug|Any CPU
		Release|Any CPU = Release|Any CPU
	EndGlobalSection
	GlobalSection(ProjectConfigurationPlatforms) = postSolution
		{D31FCBC9-283D-46C7-9EF9-CF1B3266A567}.Debug|Any CPU.ActiveCfg = Debug|Any CPU
		{D31FCBC9-283D-46C7-9EF9-CF1B3266A567}.Debug|Any CPU.Build.0 = Debug|Any CPU
		{D31FCBC9-283D-46C7-9EF9-CF1B3266A567}.Release|Any CPU.ActiveCfg = Release|Any CPU
		{D31FCBC9-283D-46C7-9EF9-CF1B3266A567}.Release|Any CPU.Build.0 = Release|Any CPU
	EndGlobalSection
	GlobalSection(SolutionProperties) = preSolution
		HideSolutionNode = FALSE
	EndGlobalSection
	GlobalSection(ExtensibilityGlobals) = postSolution
		SolutionGuid = {23C818A6-9815-4D13-BD73-EF2DDB43CC5C}
	EndGlobalSection
EndGlobal
